{"1.1.0",
[{<<"alcove">>,
  {git,"https://github.com/msantos/alcove",
       {ref,"41745c72c51ad8b5f2aff9c5ad7b61655fd4353c"}},
  0},
 {<<"aleppo">>,{pkg,<<"aleppo">>,<<"0.9.0">>},1},
 {<<"amqp_client">>,
  {git,"git://github.com/jbrisbin/amqp_client.git",
       {ref,"d50aec00b94f0766a048b4eceaf25ddfdeeb1d86"}},
  0},
 {<<"ast_walk">>,{pkg,<<"ast_walk">>,<<"0.2.0">>},1},
 {<<"base16">>,{pkg,<<"base16">>,<<"1.0.0">>},1},
 {<<"base64url">>,{pkg,<<"base64url">>,<<"0.0.1">>},1},
 {<<"bear">>,
  {git,"git://github.com/boundary/bear.git",
       {ref,"119234548783af19b8ec75c879c5062676b92571"}},
  2},
 {<<"bson">>,
  {git,"git://github.com/comtihon/bson-erlang",
       {ref,"14308ab927cfa69324742c3de720578094e0bb19"}},
  1},
 {<<"cache">>,
  {git,"https://github.com/fogfish/cache",
       {ref,"9ad89e30e67698543c336c2c8f672744e2c8f108"}},
  0},
 {<<"cf">>,{pkg,<<"cf">>,<<"0.2.2">>},2},
 {<<"cowboy">>,
  {git,"git://github.com/ninenines/cowboy.git",
       {ref,"a6126306a2b9e956c38b10e8cf1e60acdb4e63fe"}},
  0},
 {<<"cowlib">>,
  {git,"https://github.com/ninenines/cowlib",
       {ref,"11e07d3c2b164d06ad35188d83ad70e7501396db"}},
  1},
 {<<"cqerl">>,
  {git,"https://github.com/matehat/cqerl",
       {ref,"6e44b42df1cb0fcf82d8ab4df032c2e7cacb96f9"}},
  0},
 {<<"dotto">>,
  {git,"https://github.com/marianoguerra/dotto",
       {ref,"2e00625fbbee9cdeb64fc67ef55393b9fb715ec9"}},
  0},
 {<<"efene">>,
  {git,"https://github.com/efene/efene",
       {ref,"dd10ed97aaa798c2394680b551805827ca6abc6c"}},
  0},
 {<<"eiconv">>,
  {git,"https://github.com/zotonic/eiconv",
       {ref,"f52572135b1ff2f2f169a5e2a74feefdeb168264"}},
  0},
 {<<"eini">>,{pkg,<<"eini">>,<<"1.2.4">>},1},
 {<<"elarm">>,
  {git,"https://github.com/esl/elarm",
       {ref,"5885c906cb7c248f233b90b83f6b910b7b1d293b"}},
  0},
 {<<"eleveldb">>,
  {git,"https://github.com/basho/eleveldb",
       {ref,"3585ada6fd3c63ac006be6255e400b401dee872c"}},
  0},
 {<<"elixir">>,
  {raw,"https://github.com/elixir-lang/elixir",
       {mod_ref,git,{ref,"e1941a7c3ea8ffbd45a4ec6594b82b0ea45f64e3"},[]}},
  0},
 {<<"enm">>,
  {git,"https://github.com/basho/enm",
       {ref,"0c8a047ebda77e35fc9c514585e7a523a3fc8cfa"}},
  0},
 {<<"epgsql">>,
  {git,"https://github.com/epgsql/epgsql.git",
       {ref,"b4bbfdabbeef91ea2586fb00518e7595af24df49"}},
  0},
 {<<"ephp">>,
  {git,"https://github.com/bragful/ephp",
       {ref,"7a3c70abdc4f3e6f50885c42ae6470ebc92b3f8f"}},
  0},
 {<<"eredis">>,
  {git,"https://github.com/wooga/eredis.git",
       {ref,"c24dfb2f3e9fca7d022beecf8eb85539b9466448"}},
  0},
 {<<"erlcloud">>,
  {git,"https://github.com/erlcloud/erlcloud",
       {ref,"dc1604d3de91977cfc51e60b789a619177be4e65"}},
  0},
 {<<"erlcron">>,
  {git,"https://github.com/neeraj9/erlcron",
       {ref,"0fbb89c1ffa74c664dfb62ecb3eeb9ba0a9a6986"}},
  0},
 {<<"erlexec">>,
  {git,"https://github.com/saleyn/erlexec",
       {ref,"97a5188da1d37c7d2f62e4589be6237394d40811"}},
  0},
 {<<"erlsom">>,
  {git,"https://github.com/willemdj/erlsom",
       {ref,"df4526ce3c50ea27a4d37f4be3582037368f8ce7"}},
  0},
 {<<"erlware_commons">>,{pkg,<<"erlware_commons">>,<<"1.0.4">>},1},
 {<<"ezic">>,
  {git,"https://github.com/neeraj9/ezic",
       {ref,"8c95dbdea3bbeef802cbd34f7de5c2b9dfff67b3"}},
  0},
 {<<"folsom">>,
  {git,"git://github.com/boundary/folsom",
       {ref,"8914823067c623d2839ecd6d17785ba94ad004c8"}},
  1},
 {<<"folsom_cowboy">>,
  {git,"https://github.com/boundary/folsom_cowboy.git",
       {ref,"51842c8e8a89707bdf072287703c721939d55827"}},
  0},
 {<<"forms">>,
  {git,"https://github.com/efcasado/forms",
       {ref,"491b6768dd9d4f2cd22a90327041b630f68dd66a"}},
  0},
 {<<"gen_smtp">>,
  {git,"https://github.com/Vagabond/gen_smtp",
       {ref,"e07022695735fe3b3eaf0fca52d85e91eef2a67f"}},
  0},
 {<<"goldrush">>,
  {git,"https://github.com/basho/goldrush.git",
       {ref,"8f1b715d36b650ec1e1f5612c00e28af6ab0de82"}},
  1},
 {<<"granderl">>,{pkg,<<"granderl">>,<<"0.1.5">>},2},
 {<<"ibrowse">>,
  {git,"git://github.com/cmullaparthi/ibrowse.git",
       {ref,"8c46b108bb648119b90433f9c60ed36bb25e29cd"}},
  1},
 {<<"jiffy">>,
  {git,"https://github.com/davisp/jiffy.git",
       {ref,"7602deef034527c136b3bebc006b91ee87e785b4"}},
  0},
 {<<"jsx">>,
  {git,"https://github.com/talentdeficit/jsx.git",
       {ref,"3074d4865b3385a050badf7828ad31490d860df5"}},
  0},
 {<<"jwt">>,
  {git,"https://github.com/neeraj9/jwt.git",
       {ref,"e2bdbc55ab88c1f4aeb64d19e439fb63857a37fc"}},
  0},
 {<<"lager">>,
  {git,"git://github.com/basho/lager.git",
       {ref,"81eaef0ce98fdbf64ab95665e3bc2ec4b24c7dac"}},
  0},
 {<<"lhttpc">>,
  {git,"https://github.com/neeraj9/lhttpc",
       {ref,"3afa71b4fd709d58414443613a07aa51bebf0766"}},
  0},
 {<<"locks">>,
  {git,"https://github.com/uwiger/locks",
       {ref,"c9b585adcf7cbd347e516ccc3406e03a04a46731"}},
  0},
 {<<"lz4">>,
  {git,"https://github.com/szktty/erlang-lz4.git",
       {ref,"6bc5efe93bab327788bcde24374f16044b549dd8"}},
  1},
 {<<"marina">>,
  {git,"https://github.com/neeraj9/marina",
       {ref,"243ff706be850d3cb0bfa558ebb4753a8bf99547"}},
  0},
 {<<"meck">>,
  {git,"git://github.com/eproxus/meck",
       {ref,"dde759050eff19a1a80fd854d7375174b191665d"}},
  2},
 {<<"meta">>,
  {git,"https://github.com/efcasado/meta",
       {ref,"fffb4d344377f28cea64adcca3c0a6dcefcf760e"}},
  0},
 {<<"metal">>,{pkg,<<"metal">>,<<"0.1.0">>},2},
 {<<"mongodb">>,
  {git,"https://github.com/comtihon/mongodb-erlang",
       {ref,"54ba65339c2a29bd133bd6db1215469cb2c7bf54"}},
  0},
 {<<"mysql">>,
  {git,"https://github.com/mysql-otp/mysql-otp.git",
       {ref,"51bbd00b29b2d97454a8ae0053f90fb4e90382e2"}},
  0},
 {<<"nested">>,
  {git,"https://github.com/odo/nested.git",
       {ref,"f47620f0ef9a290cda19c3345dc26436a9e48b9e"}},
  0},
 {<<"otter">>,
  {git,"https://github.com/Bluehouse-Technology/otter",
       {ref,"d6281596939f4affdce1411ecf2033b7a4ac2224"}},
  0},
 {<<"otter_lib">>,{pkg,<<"otter_lib">>,<<"0.1.1">>},1},
 {<<"palma">>,
  {git,"https://github.com/neeraj9/palma",
       {ref,"24d05ff7ffe85c027a5ca154ab9af23bf6d85c6f"}},
  0},
 {<<"pbkdf2">>,
  {git,"https://github.com/basho/erlang-pbkdf2.git",
       {ref,"7076584f5377e98600a7e2cb81980b2992fb2f71"}},
  0},
 {<<"plain_fsm">>,
  {git,"git://github.com/uwiger/plain_fsm.git",
       {ref,"ae9eca8a8df8f61a32185b06882a55d60e62e904"}},
  1},
 {<<"poolboy">>,
  {git,"git://github.com/comtihon/poolboy.git",
       {ref,"04ea8a5479b273a052942755ebdc42c9e318d907"}},
  1},
 {<<"pooler">>,{pkg,<<"pooler">>,<<"1.5.3">>},1},
 {<<"prx">>,
  {git,"https://github.com/msantos/prx",
       {ref,"028f1767d7c0713f4531decdd07857907e07cdc8"}},
  0},
 {<<"qdate">>,
  {git,"https://github.com/choptastic/qdate.git",
       {ref,"4c91fc4c012524fc54655fd03e5036c910182dc2"}},
  0},
 {<<"qdate_localtime">>,{pkg,<<"qdate_localtime">>,<<"1.1.0">>},1},
 {<<"quickrand">>,
  {git,"https://github.com/okeuday/quickrand.git",
       {ref,"25ad1966eaabb35fb42a3170957df256e6f6a026"}},
  2},
 {<<"rabbit_common">>,
  {git,"https://github.com/jbrisbin/rabbit_common.git",
       {ref,"80814606ae23cc820c74e443383e192cd69ec030"}},
  1},
 {<<"ranch">>,
  {git,"https://github.com/ninenines/ranch",
       {ref,"55c2a9d623454f372a15e99721a37093d8773b48"}},
  1},
 {<<"re2">>,
  {git,"https://github.com/tuncer/re2.git",
       {ref,"2471e06ed7e548ca1af522e95b16867135afdfdc"}},
  1},
 {<<"recon">>,{pkg,<<"recon">>,<<"2.3.4">>},0},
 {<<"revolver">>,
  {git,"https://github.com/odo/revolver.git",
       {ref,"36dc36a079dcb5cade18822273fb99a3e1d8c9f5"}},
  1},
 {<<"semver">>,
  {git,"https://github.com/nebularis/semver.git",
       {ref,"c7d509f38298ec6594be4efdcd8a8f2322760039"}},
  1},
 {<<"sext">>,
  {git,"https://github.com/uwiger/sext",
       {ref,"615eebcf975ec4b4561c6f2b2bc433dabdb2be0f"}},
  0},
 {<<"shackle">>,
  {git,"https://github.com/lpgauth/shackle.git",
       {ref,"bcf2f5bff0085f381efa4c44fb971261d6c6548b"}},
  1},
 {<<"simple_oauth2">>,
  {git,"https://github.com/neeraj9/simple_oauth2",
       {ref,"9a48f9881c12e11dea6ef8e9ac13915ea279d78b"}},
  0},
 {<<"snappy">>,
  {git,"https://github.com/fdmanana/snappy-erlang-nif.git",
       {ref,"4e3b8611b6a1ff85a417b0f2fad8886c9485810e"}},
  1},
 {<<"soap">>,
  {git,"https://github.com/neeraj9/soap",
       {ref,"4bff876fa2264641375a83e35fa5ec424d1b2294"}},
  0},
 {<<"tdiff">>,
  {git,"https://github.com/tomas-abrahamsson/tdiff",
       {ref,"a62bb7d9cdae6bce032b2a296b46e266137df616"}},
  0},
 {<<"unistring">>,
  {git,"https://github.com/altenwald/unistring.git",
       {ref,"9edbf2afc049d1a7b47d2ec054de04b9bcf5d095"}},
  1},
 {<<"uuid">>,
  {git,"https://github.com/okeuday/uuid",
       {ref,"3328978b41a7142439dd32cd18c38d4d73fee144"}},
  1},
 {<<"zucchini">>,
  {git,"https://github.com/altenwald/zucchini.git",
       {ref,"e73578f1e1a960c9af1cc3be6bb84bdf59680358"}},
  1}]}.
[
{pkg_hash,[
 {<<"aleppo">>, <<"43B4EC269FA136E39DCECBD4323D4346E0EF069A62528A9154F1BB3ACD26E3E4">>},
 {<<"ast_walk">>, <<"A85A0B03F04F8C53FC7C92FB26FCAC98F78C2DA21D3A80F8BDCEB9B176E2A90E">>},
 {<<"base16">>, <<"283644E2B21BD5915ACB7178BED7851FB07C6E5749B8FAD68A53C501092176D9">>},
 {<<"base64url">>, <<"36A90125F5948E3AFD7BE97662A1504B934DD5DAC78451CA6E9ABF85A10286BE">>},
 {<<"cf">>, <<"7F2913FFF90ABCABD0F489896CFEB0B0674F6C8DF6C10B17A83175448029896C">>},
 {<<"eini">>, <<"ABD64A0533398A6D714D21219BB85F2D41FDB42665AC4080939B7BFA8E55F386">>},
 {<<"erlware_commons">>, <<"8F215709CCB8A99BC0436405CD78A8A92B84AD08969C2B926E239CC3B08AC4DC">>},
 {<<"granderl">>, <<"F20077A68BD80B8D8783BD15A052813C6483771DEC1A5B837D307CBE92F14122">>},
 {<<"metal">>, <<"168E0AB553E3B8144547E353085CEDAA43C8769E0B7E43C0146C99C2C33507AC">>},
 {<<"otter_lib">>, <<"9EF4401013C52F581278D7BEB15AE536DC629CDAC72DFEEBAC2384069F9461FD">>},
 {<<"pooler">>, <<"898CD1FA301FC42D4A8ED598CE139B71CA85B54C16AB161152B5CC5FBDCFA1A8">>},
 {<<"qdate_localtime">>, <<"5F6C3ACF10ECC5A7E2EFA3DCD2C863102B962188DBD9E086EC01D29FE029DA29">>},
 {<<"recon">>, <<"B406C2FCCDEAA0D94E23B5E30AE3D635A2D461E363A5C9C6316897037CF050D2">>}]}
].
