{"1.1.0",
[{<<"alcove">>,
  {git,"https://github.com/msantos/alcove",
       {ref,"ddd0387b1dc487ae8cdf2dd2f373b5141d296789"}},
  0},
 {<<"aleppo">>,{pkg,<<"aleppo">>,<<"0.9.0">>},1},
 {<<"amqp_client">>,
  {git,"git://github.com/jbrisbin/amqp_client.git",
       {ref,"d50aec00b94f0766a048b4eceaf25ddfdeeb1d86"}},
  0},
 {<<"ast_walk">>,{pkg,<<"ast_walk">>,<<"0.2.0">>},1},
 {<<"base16">>,{pkg,<<"base16">>,<<"1.0.0">>},1},
 {<<"base64url">>,{pkg,<<"base64url">>,<<"0.0.1">>},1},
 {<<"bear">>,
  {git,"git://github.com/boundary/bear.git",
       {ref,"119234548783af19b8ec75c879c5062676b92571"}},
  2},
 {<<"bson">>,
  {git,"git://github.com/comtihon/bson-erlang",
       {ref,"14308ab927cfa69324742c3de720578094e0bb19"}},
  1},
 {<<"cache">>,
  {git,"https://github.com/fogfish/cache",
       {ref,"9ad89e30e67698543c336c2c8f672744e2c8f108"}},
  0},
 {<<"cf">>,{pkg,<<"cf">>,<<"0.2.2">>},2},
 {<<"cowboy">>,
  {git,"git://github.com/ninenines/cowboy.git",
       {ref,"7c366986d5bf53b89487c8923e300483902c02cf"}},
  0},
 {<<"cowlib">>,
  {git,"https://github.com/ninenines/cowlib",
       {ref,"ab37df9d5273ea8541dbc08f2bd0d00e1b83479a"}},
  1},
 {<<"cqerl">>,
  {git,"https://github.com/matehat/cqerl",
       {ref,"6e44b42df1cb0fcf82d8ab4df032c2e7cacb96f9"}},
  0},
 {<<"dotto">>,
  {git,"https://github.com/marianoguerra/dotto",
       {ref,"2e00625fbbee9cdeb64fc67ef55393b9fb715ec9"}},
  0},
 {<<"efene">>,
  {git,"https://github.com/efene/efene",
       {ref,"33a77b251ecda099e4a77418c2abe5666697213f"}},
  0},
 {<<"eiconv">>,
  {git,"https://github.com/zotonic/eiconv",
       {ref,"f52572135b1ff2f2f169a5e2a74feefdeb168264"}},
  0},
 {<<"eini">>,{pkg,<<"eini">>,<<"1.2.4">>},1},
 {<<"elarm">>,
  {git,"https://github.com/esl/elarm",
       {ref,"5885c906cb7c248f233b90b83f6b910b7b1d293b"}},
  0},
 {<<"eleveldb">>,
  {git,"https://github.com/basho/eleveldb",
       {ref,"3585ada6fd3c63ac006be6255e400b401dee872c"}},
  0},
 {<<"elixir">>,
  {raw,"https://github.com/elixir-lang/elixir",
       {mod_ref,git,{ref,"a7219b6c93ec04afd908d91c3a4e1802e0615cbc"},[]}},
  0},
 {<<"enm">>,
  {git,"https://github.com/basho/enm",
       {ref,"0c8a047ebda77e35fc9c514585e7a523a3fc8cfa"}},
  0},
 {<<"epgsql">>,
  {git,"https://github.com/epgsql/epgsql.git",
       {ref,"b4bbfdabbeef91ea2586fb00518e7595af24df49"}},
  0},
 {<<"ephp">>,
  {git,"https://github.com/bragful/ephp",
       {ref,"7ca98d04abd072a0e5821a72d8a48de6c43958ca"}},
  0},
 {<<"eredis">>,
  {git,"https://github.com/wooga/eredis.git",
       {ref,"c24dfb2f3e9fca7d022beecf8eb85539b9466448"}},
  0},
 {<<"erlcloud">>,
  {git,"https://github.com/erlcloud/erlcloud",
       {ref,"20d3e3a4989f060638eeb4df4cee8f73ef7410ec"}},
  0},
 {<<"erlcron">>,
  {git,"https://github.com/neeraj9/erlcron",
       {ref,"0fbb89c1ffa74c664dfb62ecb3eeb9ba0a9a6986"}},
  0},
 {<<"erlexec">>,
  {git,"https://github.com/saleyn/erlexec",
       {ref,"f590de62a77b015449894369cc13e30f2b7fc9b8"}},
  0},
 {<<"erlsom">>,
  {git,"https://github.com/willemdj/erlsom",
       {ref,"1a9ea1a16ed2cf0466c11608367612d8b05ea6ae"}},
  0},
 {<<"erlware_commons">>,{pkg,<<"erlware_commons">>,<<"1.0.5">>},1},
 {<<"ezic">>,
  {git,"https://github.com/neeraj9/ezic",
       {ref,"8c95dbdea3bbeef802cbd34f7de5c2b9dfff67b3"}},
  0},
 {<<"folsom">>,
  {git,"git://github.com/boundary/folsom",
       {ref,"8914823067c623d2839ecd6d17785ba94ad004c8"}},
  1},
 {<<"folsom_cowboy">>,
  {git,"https://github.com/boundary/folsom_cowboy.git",
       {ref,"51842c8e8a89707bdf072287703c721939d55827"}},
  0},
 {<<"forms">>,
  {git,"https://github.com/efcasado/forms",
       {ref,"22907c4e6f3b9417cc467cc3330b5746bef13a41"}},
  0},
 {<<"gen_smtp">>,
  {git,"https://github.com/Vagabond/gen_smtp",
       {ref,"e07022695735fe3b3eaf0fca52d85e91eef2a67f"}},
  0},
 {<<"goldrush">>,
  {git,"https://github.com/basho/goldrush.git",
       {ref,"8f1b715d36b650ec1e1f5612c00e28af6ab0de82"}},
  1},
 {<<"granderl">>,{pkg,<<"granderl">>,<<"0.1.5">>},2},
 {<<"ibrowse">>,
  {git,"git://github.com/cmullaparthi/ibrowse.git",
       {ref,"8c46b108bb648119b90433f9c60ed36bb25e29cd"}},
  1},
 {<<"inotify">>,
  {git,"https://github.com/neeraj9/inotify",
       {ref,"1c2777bc46f79061ef5b3e3d1d91175d65af5147"}},
  0},
 {<<"jiffy">>,
  {git,"https://github.com/davisp/jiffy.git",
       {ref,"7602deef034527c136b3bebc006b91ee87e785b4"}},
  0},
 {<<"jsx">>,
  {git,"https://github.com/talentdeficit/jsx.git",
       {ref,"3074d4865b3385a050badf7828ad31490d860df5"}},
  0},
 {<<"jwt">>,
  {git,"https://github.com/neeraj9/jwt.git",
       {ref,"e2bdbc55ab88c1f4aeb64d19e439fb63857a37fc"}},
  0},
 {<<"lager">>,
  {git,"git://github.com/basho/lager.git",
       {ref,"81eaef0ce98fdbf64ab95665e3bc2ec4b24c7dac"}},
  0},
 {<<"lhttpc">>,
  {git,"https://github.com/neeraj9/lhttpc",
       {ref,"3afa71b4fd709d58414443613a07aa51bebf0766"}},
  0},
 {<<"locks">>,
  {git,"https://github.com/uwiger/locks",
       {ref,"8e9b2e33deec6ed375a38fc88f67eff792b91504"}},
  0},
 {<<"lz4">>,
  {git,"https://github.com/szktty/erlang-lz4.git",
       {ref,"6bc5efe93bab327788bcde24374f16044b549dd8"}},
  1},
 {<<"marina">>,
  {git,"https://github.com/neeraj9/marina",
       {ref,"243ff706be850d3cb0bfa558ebb4753a8bf99547"}},
  0},
 {<<"meck">>,
  {git,"git://github.com/eproxus/meck",
       {ref,"dde759050eff19a1a80fd854d7375174b191665d"}},
  2},
 {<<"meta">>,
  {git,"https://github.com/efcasado/meta",
       {ref,"3dd8b0d3dd021788736435c513049dcc8e0a49e3"}},
  0},
 {<<"metal">>,{pkg,<<"metal">>,<<"0.1.0">>},2},
 {<<"mongodb">>,
  {git,"https://github.com/comtihon/mongodb-erlang",
       {ref,"bf76ceae546869408e34f3b0f5ab5ed59b9b7da7"}},
  0},
 {<<"mysql">>,
  {git,"https://github.com/mysql-otp/mysql-otp.git",
       {ref,"586aa29d26d9ac7cd8a07a43c77b728347d9cc6e"}},
  0},
 {<<"nested">>,
  {git,"https://github.com/odo/nested.git",
       {ref,"f47620f0ef9a290cda19c3345dc26436a9e48b9e"}},
  0},
 {<<"otter">>,
  {git,"https://github.com/Bluehouse-Technology/otter",
       {ref,"242faffefbb2e15865a9b681b6a5fff2d0580b2b"}},
  0},
 {<<"otter_lib">>,{pkg,<<"otter_lib">>,<<"0.1.1">>},1},
 {<<"palma">>,
  {git,"https://github.com/neeraj9/palma",
       {ref,"24d05ff7ffe85c027a5ca154ab9af23bf6d85c6f"}},
  0},
 {<<"pbkdf2">>,
  {git,"https://github.com/basho/erlang-pbkdf2.git",
       {ref,"7076584f5377e98600a7e2cb81980b2992fb2f71"}},
  0},
 {<<"plain_fsm">>,{pkg,<<"plain_fsm">>,<<"1.4.1">>},1},
 {<<"poolboy">>,
  {git,"git://github.com/comtihon/poolboy.git",
       {ref,"04ea8a5479b273a052942755ebdc42c9e318d907"}},
  1},
 {<<"pooler">>,{pkg,<<"pooler">>,<<"1.5.3">>},1},
 {<<"prx">>,
  {git,"https://github.com/msantos/prx",
       {ref,"45eddd76f0e6532eb0d876845bcb6a3e18087a29"}},
  0},
 {<<"qdate">>,
  {git,"https://github.com/choptastic/qdate.git",
       {ref,"1cccb8392abb9c914ad81a6a7cb1072a32d4d83c"}},
  0},
 {<<"qdate_localtime">>,{pkg,<<"qdate_localtime">>,<<"1.1.0">>},1},
 {<<"quickrand">>,{pkg,<<"quickrand">>,<<"1.7.3">>},2},
 {<<"rabbit_common">>,
  {git,"https://github.com/jbrisbin/rabbit_common.git",
       {ref,"80814606ae23cc820c74e443383e192cd69ec030"}},
  1},
 {<<"ranch">>,
  {git,"https://github.com/ninenines/ranch",
       {ref,"8eaae552ec520605b7f4b0e5943256d2b5e3621c"}},
  1},
 {<<"re2">>,
  {git,"https://github.com/tuncer/re2.git",
       {ref,"2471e06ed7e548ca1af522e95b16867135afdfdc"}},
  1},
 {<<"recon">>,{pkg,<<"recon">>,<<"2.3.4">>},0},
 {<<"revolver">>,
  {git,"https://github.com/odo/revolver.git",
       {ref,"f9378f382d76c0af20081e558af882efa1c3f66d"}},
  1},
 {<<"semver">>,
  {git,"https://github.com/nebularis/semver.git",
       {ref,"c7d509f38298ec6594be4efdcd8a8f2322760039"}},
  1},
 {<<"sext">>,
  {git,"https://github.com/uwiger/sext",
       {ref,"615eebcf975ec4b4561c6f2b2bc433dabdb2be0f"}},
  0},
 {<<"shackle">>,
  {git,"https://github.com/lpgauth/shackle.git",
       {ref,"bcf2f5bff0085f381efa4c44fb971261d6c6548b"}},
  1},
 {<<"simple_oauth2">>,
  {git,"https://github.com/neeraj9/simple_oauth2",
       {ref,"9a48f9881c12e11dea6ef8e9ac13915ea279d78b"}},
  0},
 {<<"snappy">>,
  {git,"https://github.com/fdmanana/snappy-erlang-nif.git",
       {ref,"4e3b8611b6a1ff85a417b0f2fad8886c9485810e"}},
  1},
 {<<"soap">>,
  {git,"https://github.com/neeraj9/soap",
       {ref,"4bff876fa2264641375a83e35fa5ec424d1b2294"}},
  0},
 {<<"tdiff">>,
  {git,"https://github.com/tomas-abrahamsson/tdiff",
       {ref,"a62bb7d9cdae6bce032b2a296b46e266137df616"}},
  0},
 {<<"unistring">>,
  {git,"https://github.com/altenwald/unistring.git",
       {ref,"9edbf2afc049d1a7b47d2ec054de04b9bcf5d095"}},
  1},
 {<<"uuid">>,{pkg,<<"uuid_erl">>,<<"1.7.2">>},1},
 {<<"zucchini">>,
  {git,"https://github.com/altenwald/zucchini.git",
       {ref,"e73578f1e1a960c9af1cc3be6bb84bdf59680358"}},
  1}]}.
[
{pkg_hash,[
 {<<"aleppo">>, <<"43B4EC269FA136E39DCECBD4323D4346E0EF069A62528A9154F1BB3ACD26E3E4">>},
 {<<"ast_walk">>, <<"A85A0B03F04F8C53FC7C92FB26FCAC98F78C2DA21D3A80F8BDCEB9B176E2A90E">>},
 {<<"base16">>, <<"283644E2B21BD5915ACB7178BED7851FB07C6E5749B8FAD68A53C501092176D9">>},
 {<<"base64url">>, <<"36A90125F5948E3AFD7BE97662A1504B934DD5DAC78451CA6E9ABF85A10286BE">>},
 {<<"cf">>, <<"7F2913FFF90ABCABD0F489896CFEB0B0674F6C8DF6C10B17A83175448029896C">>},
 {<<"eini">>, <<"ABD64A0533398A6D714D21219BB85F2D41FDB42665AC4080939B7BFA8E55F386">>},
 {<<"erlware_commons">>, <<"FC23D8E304140B65A811F653A76B2FB10B0CE744608CAF86E9125CEB349C9442">>},
 {<<"granderl">>, <<"F20077A68BD80B8D8783BD15A052813C6483771DEC1A5B837D307CBE92F14122">>},
 {<<"metal">>, <<"168E0AB553E3B8144547E353085CEDAA43C8769E0B7E43C0146C99C2C33507AC">>},
 {<<"otter_lib">>, <<"9EF4401013C52F581278D7BEB15AE536DC629CDAC72DFEEBAC2384069F9461FD">>},
 {<<"plain_fsm">>, <<"47E9BF6AC9322FC7586FB6DF8DE7198391E93764571C75165F2C45B27ACDE1D0">>},
 {<<"pooler">>, <<"898CD1FA301FC42D4A8ED598CE139B71CA85B54C16AB161152B5CC5FBDCFA1A8">>},
 {<<"qdate_localtime">>, <<"5F6C3ACF10ECC5A7E2EFA3DCD2C863102B962188DBD9E086EC01D29FE029DA29">>},
 {<<"quickrand">>, <<"0E4FB48FAC904FE0C6E21D7E8C31A288A0700E1E81A35B38B649FC119079755D">>},
 {<<"recon">>, <<"B406C2FCCDEAA0D94E23B5E30AE3D635A2D461E363A5C9C6316897037CF050D2">>},
 {<<"uuid">>, <<"D596C8DD01A4AE48B9D8D51832CCC8F8302BF67ACD01336AEC3FCFAE6B9D2BC2">>}]}
].
